{
  "name": "Endorsify",
  "lockfileVersion": 3,
  "requires": true,
  "packages": {
    "": {
      "dependencies": {
        "@syncfusion/ej2-react-documenteditor": "^24.2.9",
        "react-icons": "^5.0.1"
      }
    },
    "node_modules/@syncfusion/ej2-base": {
      "version": "24.2.8",
      "resolved": "https://registry.npmjs.org/@syncfusion/ej2-base/-/ej2-base-24.2.8.tgz",
      "integrity": "sha512-GzTH2VELnmBFCrzfkGSTw7oALFNBYq6ysGDTAfpo0GIAd9Ge3yCTCU7wELJoKJhmg2I4RVgQlrZF5o7z7ajxTQ==",
      "dependencies": {
        "@syncfusion/ej2-icons": "~24.2.3"
      },
      "bin": {
        "syncfusion-license": "bin/syncfusion-license.js"
      }
    },
    "node_modules/@syncfusion/ej2-buttons": {
      "version": "24.2.7",
      "resolved": "https://registry.npmjs.org/@syncfusion/ej2-buttons/-/ej2-buttons-24.2.7.tgz",
      "integrity": "sha512-tHrl3zqhsgRD+lUZDAy7XmbRbNCZuIn588ip0cwFXHHqbk0eLJnd/PTBS5TodSp+VMpOeiHsu0IVbuZg1dXRwg==",
      "dependencies": {
        "@syncfusion/ej2-base": "~24.2.7"
      }
    },
    "node_modules/@syncfusion/ej2-calendars": {
      "version": "24.2.9",
      "resolved": "https://registry.npmjs.org/@syncfusion/ej2-calendars/-/ej2-calendars-24.2.9.tgz",
      "integrity": "sha512-WyY+eTgHlPiNQ7WqCJfuI8mlsx9XuC7ywgwBNWojK18wmETETPZ2freTlo59khHfWSW5xqKKFXy2lVTtw5NYvw==",
      "dependencies": {
        "@syncfusion/ej2-base": "~24.2.7",
        "@syncfusion/ej2-buttons": "~24.2.7",
        "@syncfusion/ej2-inputs": "~24.2.9",
        "@syncfusion/ej2-lists": "~24.2.8",
        "@syncfusion/ej2-popups": "~24.2.9"
      }
    },
    "node_modules/@syncfusion/ej2-charts": {
      "version": "24.2.9",
      "resolved": "https://registry.npmjs.org/@syncfusion/ej2-charts/-/ej2-charts-24.2.9.tgz",
      "integrity": "sha512-zaw19XrMa0feDBk1RJldI99TMgRDoligeH4fbcxkP2PFR3ANdNmIYiWRakX/AwsAJSaSUOnvz/Lhv0q2y4/L2g==",
      "dependencies": {
        "@syncfusion/ej2-base": "~24.2.7",
        "@syncfusion/ej2-calendars": "~24.2.9",
        "@syncfusion/ej2-data": "~24.2.3",
        "@syncfusion/ej2-excel-export": "~24.2.4",
        "@syncfusion/ej2-navigations": "~24.2.8",
        "@syncfusion/ej2-pdf-export": "~24.2.3",
        "@syncfusion/ej2-svg-base": "~24.2.3"
      }
    },
    "node_modules/@syncfusion/ej2-compression": {
      "version": "24.2.3",
      "resolved": "https://registry.npmjs.org/@syncfusion/ej2-compression/-/ej2-compression-24.2.3.tgz",
      "integrity": "sha512-ZjDxhlxf2cWoRGLOVwYhEW/RUhzDtyGOZ2VlcG0KT0L4EFVdAHHKSY40urDtpCTWln4fW0Ki6KFDsM9gWnNLeQ==",
      "dependencies": {
        "@syncfusion/ej2-file-utils": "~24.2.3"
      }
    },
    "node_modules/@syncfusion/ej2-data": {
      "version": "24.2.3",
      "resolved": "https://registry.npmjs.org/@syncfusion/ej2-data/-/ej2-data-24.2.3.tgz",
      "integrity": "sha512-nZai/hmBuD2tAAXPF/oHZj5z6UfqjQ9PIlKvt+rOFdvQ5pOQHavv+OUpdUAeQPijgqzprnUVcmRlsn7XcS17bw==",
      "dependencies": {
        "@syncfusion/ej2-base": "~24.2.3"
      }
    },
    "node_modules/@syncfusion/ej2-documenteditor": {
      "version": "24.2.9",
      "resolved": "https://registry.npmjs.org/@syncfusion/ej2-documenteditor/-/ej2-documenteditor-24.2.9.tgz",
      "integrity": "sha512-DlloM0G3NdHHXj+0XsJ4aLk3fau4+2zbzB8a6YcdCqxIZSjuc2Gd9uywP9x2T/wXAHC3c0LhvFjTnc9OV+pOzQ==",
      "dependencies": {
        "@syncfusion/ej2-base": "~24.2.7",
        "@syncfusion/ej2-buttons": "~24.2.7",
        "@syncfusion/ej2-calendars": "~24.2.9",
        "@syncfusion/ej2-compression": "~24.2.3",
        "@syncfusion/ej2-dropdowns": "~24.2.9",
        "@syncfusion/ej2-file-utils": "~24.2.3",
        "@syncfusion/ej2-inputs": "~24.2.9",
        "@syncfusion/ej2-navigations": "~24.2.8",
        "@syncfusion/ej2-office-chart": "~24.2.3",
        "@syncfusion/ej2-popups": "~24.2.9",
        "@syncfusion/ej2-splitbuttons": "~24.2.7"
      }
    },
    "node_modules/@syncfusion/ej2-dropdowns": {
      "version": "24.2.9",
      "resolved": "https://registry.npmjs.org/@syncfusion/ej2-dropdowns/-/ej2-dropdowns-24.2.9.tgz",
      "integrity": "sha512-va8WauFI/LSIvhAvhqSGlGwrHWHV6d9SbkfJy+uQ6w6eDnNTzD9ZH+eUcu7bhSoNVHdOSjPIFbLh8Ea2ev4LEA==",
      "dependencies": {
        "@syncfusion/ej2-base": "~24.2.7",
        "@syncfusion/ej2-data": "~24.2.3",
        "@syncfusion/ej2-inputs": "~24.2.9",
        "@syncfusion/ej2-lists": "~24.2.8",
        "@syncfusion/ej2-navigations": "~24.2.8",
        "@syncfusion/ej2-notifications": "~24.2.4",
        "@syncfusion/ej2-popups": "~24.2.9"
      }
    },
    "node_modules/@syncfusion/ej2-excel-export": {
      "version": "24.2.4",
      "resolved": "https://registry.npmjs.org/@syncfusion/ej2-excel-export/-/ej2-excel-export-24.2.4.tgz",
      "integrity": "sha512-ppMKz6nCxoUQYlfI6iqv4pfyhb8ZZJlfkaTpgcj4oys/Oss6MgQgZrpVepyFBoW735NtvM0BOVrs6ZnAui03jg==",
      "dependencies": {
        "@syncfusion/ej2-base": "~24.2.3",
        "@syncfusion/ej2-compression": "~24.2.3"
      }
    },
    "node_modules/@syncfusion/ej2-file-utils": {
      "version": "24.2.3",
      "resolved": "https://registry.npmjs.org/@syncfusion/ej2-file-utils/-/ej2-file-utils-24.2.3.tgz",
      "integrity": "sha512-kPejWNjWoougUu/tsxh6ywKR/cr5+2tIZO1BUWlTO+XyFk/uolZ4Xx14tGVnrLpzl4+DaSLfv73b6VDvqpIbzg=="
    },
    "node_modules/@syncfusion/ej2-icons": {
      "version": "24.2.3",
      "resolved": "https://registry.npmjs.org/@syncfusion/ej2-icons/-/ej2-icons-24.2.3.tgz",
      "integrity": "sha512-JdQ7w2SiiUUXZFrmX0j3+0iQZdT+Z5NP7jb1zTKDAiTGB3IjcSTQc8MtPmORTG4vvG6lOSLYHrn2HtP7mqvlEQ=="
    },
    "node_modules/@syncfusion/ej2-inputs": {
      "version": "24.2.9",
      "resolved": "https://registry.npmjs.org/@syncfusion/ej2-inputs/-/ej2-inputs-24.2.9.tgz",
      "integrity": "sha512-inUPQt387emSR12p8hHWVQUA4q2oH8kcMPNe8mc06TN5wgPnSDYjciV2oTam9xkOchOlYrRmL0gsV6a72ilYPw==",
      "dependencies": {
        "@syncfusion/ej2-base": "~24.2.7",
        "@syncfusion/ej2-buttons": "~24.2.7",
        "@syncfusion/ej2-popups": "~24.2.9",
        "@syncfusion/ej2-splitbuttons": "~24.2.7"
      }
    },
    "node_modules/@syncfusion/ej2-lists": {
      "version": "24.2.8",
      "resolved": "https://registry.npmjs.org/@syncfusion/ej2-lists/-/ej2-lists-24.2.8.tgz",
      "integrity": "sha512-K1HXJL2Dz02XmTTWxZAxJ6SLJwp6pwcVLXi7L5T5NHcfOvSrPmL+vb1ZLoABHe+7Cm2snTaINdQky9cmvgBK6w==",
      "dependencies": {
        "@syncfusion/ej2-base": "~24.2.7",
        "@syncfusion/ej2-buttons": "~24.2.7",
        "@syncfusion/ej2-data": "~24.2.3",
        "@syncfusion/ej2-popups": "~24.2.8"
      }
    },
    "node_modules/@syncfusion/ej2-navigations": {
      "version": "24.2.8",
      "resolved": "https://registry.npmjs.org/@syncfusion/ej2-navigations/-/ej2-navigations-24.2.8.tgz",
      "integrity": "sha512-dQ3Xnjvg1sf595M7EvDQmM10iNFU1mlqUZ/J9cdTMGoyiMeat5DtTTWVOc1NShFyJjCqHlfg5c8LNfqKRerIcA==",
      "dependencies": {
        "@syncfusion/ej2-base": "~24.2.7",
        "@syncfusion/ej2-buttons": "~24.2.7",
        "@syncfusion/ej2-data": "~24.2.3",
        "@syncfusion/ej2-inputs": "~24.2.7",
        "@syncfusion/ej2-lists": "~24.2.8",
        "@syncfusion/ej2-popups": "~24.2.8"
      }
    },
    "node_modules/@syncfusion/ej2-notifications": {
      "version": "24.2.4",
      "resolved": "https://registry.npmjs.org/@syncfusion/ej2-notifications/-/ej2-notifications-24.2.4.tgz",
      "integrity": "sha512-14oBybExHpxSF88p5tbMvURoUnVNOj4nBDZJo1fnU8fb8KxHvmxtSm5ObLwe4nGiPZ/1QspGyLwL2GLKM0Ncig==",
      "dependencies": {
        "@syncfusion/ej2-base": "~24.2.3",
        "@syncfusion/ej2-buttons": "~24.2.3",
        "@syncfusion/ej2-popups": "~24.2.3"
      }
    },
    "node_modules/@syncfusion/ej2-office-chart": {
      "version": "24.2.3",
      "resolved": "https://registry.npmjs.org/@syncfusion/ej2-office-chart/-/ej2-office-chart-24.2.3.tgz",
      "integrity": "sha512-lpQp6YMXuf6THswcn0a3hKXXK2WNgb1TMXuVxbsA1JYz3aeuUe00IM9o94Hi9uI3BJVS/ZIRy3yDW6ycEZJnKA==",
      "dependencies": {
        "@syncfusion/ej2-charts": "~24.2.3"
      }
    },
    "node_modules/@syncfusion/ej2-pdf-export": {
      "version": "24.2.3",
      "resolved": "https://registry.npmjs.org/@syncfusion/ej2-pdf-export/-/ej2-pdf-export-24.2.3.tgz",
      "integrity": "sha512-h6fmsSxQA4BuwuYusPruQYUrdyH1NJIXMrcRN0zAhORPEKDeLy/jp1qiBILBtjGFI3JWxVRXfz4Fm6Ln7j766A==",
      "dependencies": {
        "@syncfusion/ej2-compression": "~24.2.3"
      }
    },
    "node_modules/@syncfusion/ej2-popups": {
      "version": "24.2.10",
      "resolved": "https://registry.npmjs.org/@syncfusion/ej2-popups/-/ej2-popups-24.2.10.tgz",
      "integrity": "sha512-1BJZ05Ms2BfEkPWdpaCuzBe2DwYNUmz2Qz7ys3z+74a46vWWQANL1s8Xet9ApB7r4UR59jcKAxYfbI4lAU73ag==",
      "dependencies": {
        "@syncfusion/ej2-base": "~24.2.7",
        "@syncfusion/ej2-buttons": "~24.2.7"
      }
    },
    "node_modules/@syncfusion/ej2-react-base": {
      "version": "24.2.7",
      "resolved": "https://registry.npmjs.org/@syncfusion/ej2-react-base/-/ej2-react-base-24.2.7.tgz",
      "integrity": "sha512-gYq67oG1MDLoEgUkyHDSr/D4PtWCIxSX2BBG2JINjP5DTKhsg/SU/G4yKN7p1jNtKxsIG3z4asBezQGXfg3LVA==",
      "dependencies": {
        "@syncfusion/ej2-base": "~24.2.7"
      }
    },
    "node_modules/@syncfusion/ej2-react-documenteditor": {
      "version": "24.2.9",
      "resolved": "https://registry.npmjs.org/@syncfusion/ej2-react-documenteditor/-/ej2-react-documenteditor-24.2.9.tgz",
      "integrity": "sha512-DfZqYmpwjx9kkz7NXVqlMFN7lM/THHuLPl7t+b/cFgpH1gWnd6zqA0Fiu0cp+XAcxp+DgttkZZbIQd7gWy6zWg==",
      "dependencies": {
        "@syncfusion/ej2-base": "~24.2.7",
        "@syncfusion/ej2-documenteditor": "24.2.9",
        "@syncfusion/ej2-react-base": "~24.2.7"
      }
    },
    "node_modules/@syncfusion/ej2-splitbuttons": {
      "version": "24.2.7",
      "resolved": "https://registry.npmjs.org/@syncfusion/ej2-splitbuttons/-/ej2-splitbuttons-24.2.7.tgz",
      "integrity": "sha512-2zoBRtjQUlVd3mawSZ8S7zOviypjNLb3ix7ktwWEvU5Ll8L/iWw7D9ps8JDITTIgB+ZupYoxl3OAQMvZ8PnHUQ==",
      "dependencies": {
        "@syncfusion/ej2-base": "~24.2.7",
        "@syncfusion/ej2-popups": "~24.2.5"
      }
    },
    "node_modules/@syncfusion/ej2-svg-base": {
      "version": "24.2.3",
      "resolved": "https://registry.npmjs.org/@syncfusion/ej2-svg-base/-/ej2-svg-base-24.2.3.tgz",
      "integrity": "sha512-1fQsvaq3tNtLqL3Rt5rsh6Dgp+DgMePhjVvj76ASaIZnrEKvZQOR4yOeTOKQmireIWNJra5S509uFDtWYQ67Aw==",
      "dependencies": {
        "@syncfusion/ej2-base": "~24.2.3"
      }
    },
    "node_modules/js-tokens": {
      "version": "4.0.0",
      "resolved": "https://registry.npmjs.org/js-tokens/-/js-tokens-4.0.0.tgz",
      "integrity": "sha512-RdJUflcE3cUzKiMqQgsCu06FPu9UdIJO0beYbPhHN4k6apgJtifcoCtT9bcxOpYBtpD2kCM6Sbzg4CausW/PKQ==",
      "peer": true
    },
    "node_modules/loose-envify": {
      "version": "1.4.0",
      "resolved": "https://registry.npmjs.org/loose-envify/-/loose-envify-1.4.0.tgz",
      "integrity": "sha512-lyuxPGr/Wfhrlem2CL/UcnUc1zcqKAImBDzukY7Y5F/yQiNdko6+fRLevlw1HgMySw7f611UIY408EtxRSoK3Q==",
      "peer": true,
      "dependencies": {
        "js-tokens": "^3.0.0 || ^4.0.0"
      },
      "bin": {
        "loose-envify": "cli.js"
      }
    },
    "node_modules/react": {
      "version": "18.2.0",
      "resolved": "https://registry.npmjs.org/react/-/react-18.2.0.tgz",
      "integrity": "sha512-/3IjMdb2L9QbBdWiW5e3P2/npwMBaU9mHCSCUzNln0ZCYbcfTsGbTJrU/kGemdH2IWmB2ioZ+zkxtmq6g09fGQ==",
      "peer": true,
      "dependencies": {
        "loose-envify": "^1.1.0"
      },
      "engines": {
        "node": ">=0.10.0"
      }
    },
    "node_modules/react-icons": {
      "version": "5.0.1",
      "resolved": "https://registry.npmjs.org/react-icons/-/react-icons-5.0.1.tgz",
      "integrity": "sha512-WqLZJ4bLzlhmsvme6iFdgO8gfZP17rfjYEJ2m9RsZjZ+cc4k1hTzknEz63YS1MeT50kVzoa1Nz36f4BEx+Wigw==",
      "peerDependencies": {
        "react": "*"
      }
    }
  }
}
